
Microsoft Visual Studio Solution File, Format Version 12.00
# Visual Studio Version 17
VisualStudioVersion = 17.9.34701.34
MinimumVisualStudioVersion = 10.0.40219.1
Project("{FAE04EC0-301F-11D3-BF4B-00C04F79EFBC}") = "Excursionistas", "Excursionistas\Excursionistas.csproj", "{0F4667D4-615F-4D99-8B67-D44A4CD3274C}"
EndProject
Global
	GlobalSection(SolutionConfigurationPlatforms) = preSolution
		Debug|Any CPU = Debug|Any CPU
		Release|Any CPU = Release|Any CPU
	EndGlobalSection
	GlobalSection(ProjectConfigurationPlatforms) = postSolution
		{0F4667D4-615F-4D99-8B67-D44A4CD3274C}.Debug|Any CPU.ActiveCfg = Debug|Any CPU
		{0F4667D4-615F-4D99-8B67-D44A4CD3274C}.Debug|Any CPU.Build.0 = Debug|Any CPU
		{0F4667D4-615F-4D99-8B67-D44A4CD3274C}.Release|Any CPU.ActiveCfg = Release|Any CPU
		{0F4667D4-615F-4D99-8B67-D44A4CD3274C}.Release|Any CPU.Build.0 = Release|Any CPU
	EndGlobalSection
	GlobalSection(SolutionProperties) = preSolution
		HideSolutionNode = FALSE
	EndGlobalSection
	GlobalSection(ExtensibilityGlobals) = postSolution
		SolutionGuid = {8FA1A959-233B-48CB-8743-D5ADB1452C3A}
	EndGlobalSection
EndGlobal
